{
  "requires": true,
  "lockfileVersion": 1,
  "dependencies": {
    "@ionic-native/core": {
      "version": "5.7.0",
      "resolved": "https://registry.npmjs.org/@ionic-native/core/-/core-5.7.0.tgz",
      "integrity": "sha512-UjSNnS6dPZjzBXrHqY2+UWBwfm8kGctq2l8di16m0+kDZrrSblH73lgjTHeNx/wlkpmZCJoatRwmV6CwiAK4hw==",
      "requires": {
        "@types/cordova": "^0.0.34"
      }
    },
    "@types/cordova": {
      "version": "0.0.34",
      "resolved": "https://registry.npmjs.org/@types/cordova/-/cordova-0.0.34.tgz",
      "integrity": "sha1-6nrd907Ow9dimCegw54smt3HPQQ="
    }
  }
}
